
Microsoft Visual Studio Solution File, Format Version 11.00
# Visual Studio 2010
Project("{FAE04EC0-301F-11D3-BF4B-00C04F79EFBC}") = "CrossbonesDemo", "CrossbonesDemo\CrossbonesDemo.csproj", "{F1ACF97C-DE8B-4495-91A9-DEE22C28D287}"
EndProject
Global
	GlobalSection(SolutionConfigurationPlatforms) = preSolution
		Debug|x86 = Debug|x86
		Release|x86 = Release|x86
	EndGlobalSection
	GlobalSection(ProjectConfigurationPlatforms) = postSolution
		{F1ACF97C-DE8B-4495-91A9-DEE22C28D287}.Debug|x86.ActiveCfg = Debug|x86
		{F1ACF97C-DE8B-4495-91A9-DEE22C28D287}.Debug|x86.Build.0 = Debug|x86
		{F1ACF97C-DE8B-4495-91A9-DEE22C28D287}.Release|x86.ActiveCfg = Release|x86
		{F1ACF97C-DE8B-4495-91A9-DEE22C28D287}.Release|x86.Build.0 = Release|x86
	EndGlobalSection
	GlobalSection(SolutionProperties) = preSolution
		HideSolutionNode = FALSE
	EndGlobalSection
EndGlobal
